# @generated - this file is auto-generated by `mise lock` https://mise.jdx.dev/dev-tools/mise-lock.html

[[tools."github:cmhughes/latexindent.pl"]]
version = "V4.0.2"
backend = "github:cmhughes/latexindent.pl"

[tools."github:cmhughes/latexindent.pl"."platforms.linux-x64"]
checksum = "sha256:df8a86dd347516ae55c3e45e92a7e4459670ad26f807fc17360224a998f1d17a"
url = "https://github.com/cmhughes/latexindent.pl/releases/download/V4.0.2/latexindent-linux"
url_api = "https://api.github.com/repos/cmhughes/latexindent.pl/releases/assets/440151529"

[tools."github:cmhughes/latexindent.pl"."platforms.macos-arm64"]
checksum = "sha256:e7e84d6c71808c53fe9f5b52aa012d0d2f7e13f0de1f3c033e5909de7090f255"
url = "https://github.com/cmhughes/latexindent.pl/releases/download/V4.0.2/latexindent-macos"
url_api = "https://api.github.com/repos/cmhughes/latexindent.pl/releases/assets/440151531"

[[tools."github:tectonic-typesetting/tectonic"]]
version = "tectonic@0.17.0"
backend = "github:tectonic-typesetting/tectonic"

[tools."github:tectonic-typesetting/tectonic".options]
asset_pattern = "tectonic-0.17.0-x86_64-unknown-linux-musl.tar.gz"

[tools."github:tectonic-typesetting/tectonic"."platforms.linux-x64"]
checksum = "sha256:8533d07f9ccbd7a65824b9e0459041bca34af1eb33daba48f59215593753a3b7"
url = "https://github.com/tectonic-typesetting/tectonic/releases/download/tectonic%400.17.0/tectonic-0.17.0-x86_64-unknown-linux-musl.tar.gz"
url_api = "https://api.github.com/repos/tectonic-typesetting/tectonic/releases/assets/490852003"

[[tools."github:tectonic-typesetting/tectonic"]]
version = "tectonic@0.17.0"
backend = "github:tectonic-typesetting/tectonic"

[tools."github:tectonic-typesetting/tectonic"."platforms.macos-arm64"]
checksum = "sha256:a3f1cac7c5678f01661a92212f58480ae3b0634115d880dbc59e2953ded45667"
url = "https://github.com/tectonic-typesetting/tectonic/releases/download/tectonic%400.17.0/tectonic-0.17.0-aarch64-apple-darwin.tar.gz"
url_api = "https://api.github.com/repos/tectonic-typesetting/tectonic/releases/assets/490851834"
